{
  "name": "ATU — копия (4) — копия,(старая версия) — копия",
  "lockfileVersion": 3,
  "requires": true,
  "packages": {
    "": {
      "dependencies": {
        "@mlc-ai/web-llm": "^0.2.36"
      }
    },
    "node_modules/@mlc-ai/web-llm": {
      "version": "0.2.36",
      "resolved": "https://registry.npmjs.org/@mlc-ai/web-llm/-/web-llm-0.2.36.tgz",
      "integrity": "sha512-1bPt7HSs/iwzYqa1vcGt5y45m6ckmDcgKPSwHn3qbjNPEIYoha0VBRgMdNTOzzLuWjZFFg0rZXm8V3CGYb9+CQ==",
      "license": "Apache-2.0"
    }
  }
}
